
Microsoft Visual Studio Solution File, Format Version 12.00
# Visual Studio Version 17
VisualStudioVersion = 17.8.34408.163
MinimumVisualStudioVersion = 10.0.40219.1
Project("{FAE04EC0-301F-11D3-BF4B-00C04F79EFBC}") = "Datenstrukturen_Aufgabe3", "Datenstrukturen_Aufgabe3.csproj", "{28D740DE-0352-4B9D-9B6D-D02358276550}"
EndProject
Global
	GlobalSection(SolutionConfigurationPlatforms) = preSolution
		Debug|Any CPU = Debug|Any CPU
		Release|Any CPU = Release|Any CPU
	EndGlobalSection
	GlobalSection(ProjectConfigurationPlatforms) = postSolution
		{28D740DE-0352-4B9D-9B6D-D02358276550}.Debug|Any CPU.ActiveCfg = Debug|Any CPU
		{28D740DE-0352-4B9D-9B6D-D02358276550}.Debug|Any CPU.Build.0 = Debug|Any CPU
		{28D740DE-0352-4B9D-9B6D-D02358276550}.Release|Any CPU.ActiveCfg = Release|Any CPU
		{28D740DE-0352-4B9D-9B6D-D02358276550}.Release|Any CPU.Build.0 = Release|Any CPU
	EndGlobalSection
	GlobalSection(SolutionProperties) = preSolution
		HideSolutionNode = FALSE
	EndGlobalSection
	GlobalSection(ExtensibilityGlobals) = postSolution
		SolutionGuid = {4F31CD6E-A51D-4CBC-BE57-2D02ED9508CA}
	EndGlobalSection
EndGlobal
