
Microsoft Visual Studio Solution File, Format Version 12.00
# Visual Studio Version 17
VisualStudioVersion = 17.8.34408.163
MinimumVisualStudioVersion = 10.0.40219.1
Project("{FAE04EC0-301F-11D3-BF4B-00C04F79EFBC}") = "Viertes_Projekt", "Viertes_Projekt.csproj", "{2884656B-38CB-43EC-8054-3534B069885D}"
EndProject
Global
	GlobalSection(SolutionConfigurationPlatforms) = preSolution
		Debug|Any CPU = Debug|Any CPU
		Release|Any CPU = Release|Any CPU
	EndGlobalSection
	GlobalSection(ProjectConfigurationPlatforms) = postSolution
		{2884656B-38CB-43EC-8054-3534B069885D}.Debug|Any CPU.ActiveCfg = Debug|Any CPU
		{2884656B-38CB-43EC-8054-3534B069885D}.Debug|Any CPU.Build.0 = Debug|Any CPU
		{2884656B-38CB-43EC-8054-3534B069885D}.Release|Any CPU.ActiveCfg = Release|Any CPU
		{2884656B-38CB-43EC-8054-3534B069885D}.Release|Any CPU.Build.0 = Release|Any CPU
	EndGlobalSection
	GlobalSection(SolutionProperties) = preSolution
		HideSolutionNode = FALSE
	EndGlobalSection
	GlobalSection(ExtensibilityGlobals) = postSolution
		SolutionGuid = {12FBEEE5-0D6A-44D0-9295-A68EDE620A81}
	EndGlobalSection
EndGlobal
