
Microsoft Visual Studio Solution File, Format Version 12.00
# Visual Studio Version 17
VisualStudioVersion = 17.8.34408.163
MinimumVisualStudioVersion = 10.0.40219.1
Project("{FAE04EC0-301F-11D3-BF4B-00C04F79EFBC}") = "ArrayListe", "ArrayListe.csproj", "{8D498DCB-2324-4FFC-B681-66CE4AD1B6DA}"
EndProject
Global
	GlobalSection(SolutionConfigurationPlatforms) = preSolution
		Debug|Any CPU = Debug|Any CPU
		Release|Any CPU = Release|Any CPU
	EndGlobalSection
	GlobalSection(ProjectConfigurationPlatforms) = postSolution
		{8D498DCB-2324-4FFC-B681-66CE4AD1B6DA}.Debug|Any CPU.ActiveCfg = Debug|Any CPU
		{8D498DCB-2324-4FFC-B681-66CE4AD1B6DA}.Debug|Any CPU.Build.0 = Debug|Any CPU
		{8D498DCB-2324-4FFC-B681-66CE4AD1B6DA}.Release|Any CPU.ActiveCfg = Release|Any CPU
		{8D498DCB-2324-4FFC-B681-66CE4AD1B6DA}.Release|Any CPU.Build.0 = Release|Any CPU
	EndGlobalSection
	GlobalSection(SolutionProperties) = preSolution
		HideSolutionNode = FALSE
	EndGlobalSection
	GlobalSection(ExtensibilityGlobals) = postSolution
		SolutionGuid = {432C24AB-7B4F-4250-ADFC-B79C14B58A7C}
	EndGlobalSection
EndGlobal
